// !$*UTF8*$!
{
	archiveVersion = 1;
	classes = {
	};
	objectVersion = 55;
	objects = {

/* Begin PBXBuildFile section */
		286C22C228D1938D004E69D9 /* MovieCell.swift in Sources */ = {isa = PBXBuildFile; fileRef = 286C22C128D1938D004E69D9 /* MovieCell.swift */; };
		2881ECA228D9602C005D69E3 /* MovieDetailsViewController.swift in Sources */ = {isa = PBXBuildFile; fileRef = 2881ECA128D9602C005D69E3 /* MovieDetailsViewController.swift */; };
		28843C2728DC1B06000152CD /* MovieGridCell.swift in Sources */ = {isa = PBXBuildFile; fileRef = 28843C2628DC1B06000152CD /* MovieGridCell.swift */; };
		28B1915D28D113CE00426886 /* AppDelegate.swift in Sources */ = {isa = PBXBuildFile; fileRef = 28B1915C28D113CE00426886 /* AppDelegate.swift */; };
		28B1915F28D113CE00426886 /* SceneDelegate.swift in Sources */ = {isa = PBXBuildFile; fileRef = 28B1915E28D113CE00426886 /* SceneDelegate.swift */; };
		28B1916128D113CE00426886 /* ViewController.swift in Sources */ = {isa = PBXBuildFile; fileRef = 28B1916028D113CE00426886 /* ViewController.swift */; };
		28B1916428D113CE00426886 /* Main.storyboard in Resources */ = {isa = PBXBuildFile; fileRef = 28B1916228D113CE00426886 /* Main.storyboard */; };
		28B1916628D113D200426886 /* Assets.xcassets in Resources */ = {isa = PBXBuildFile; fileRef = 28B1916528D113D200426886 /* Assets.xcassets */; };
		28B1916928D113D200426886 /* LaunchScreen.storyboard in Resources */ = {isa = PBXBuildFile; fileRef = 28B1916728D113D200426886 /* LaunchScreen.storyboard */; };
		28B1917428D113D300426886 /* FlixterTests.swift in Sources */ = {isa = PBXBuildFile; fileRef = 28B1917328D113D300426886 /* FlixterTests.swift */; };
		28B1917E28D113D300426886 /* FlixterUITests.swift in Sources */ = {isa = PBXBuildFile; fileRef = 28B1917D28D113D300426886 /* FlixterUITests.swift */; };
		28B1918028D113D300426886 /* FlixterUITestsLaunchTests.swift in Sources */ = {isa = PBXBuildFile; fileRef = 28B1917F28D113D300426886 /* FlixterUITestsLaunchTests.swift */; };
		28B8126D28DC0DE4006546D1 /* MovieGridViewController.swift in Sources */ = {isa = PBXBuildFile; fileRef = 28B8126C28DC0DE4006546D1 /* MovieGridViewController.swift */; };
		28FF8CDF28D25FBE00847F45 /* MoviesViewController.swift in Sources */ = {isa = PBXBuildFile; fileRef = 28FF8CDE28D25FBE00847F45 /* MoviesViewController.swift */; };
		28FF8CE228D263D700847F45 /* AlamofireImage in Frameworks */ = {isa = PBXBuildFile; productRef = 28FF8CE128D263D700847F45 /* AlamofireImage */; };
		3931EDA2AE6D040AB89D6400 /* Pods_Flixter.framework in Frameworks */ = {isa = PBXBuildFile; fileRef = B1F186BE7237223B96CCC1F1 /* Pods_Flixter.framework */; };
		CD25B53C4113C6E8985073C2 /* Pods_Flixter_FlixterUITests.framework in Frameworks */ = {isa = PBXBuildFile; fileRef = 55D3C9A32792102375DE5FEE /* Pods_Flixter_FlixterUITests.framework */; };
		F1F81BF9BEBD908F083B8CF5 /* Pods_FlixterTests.framework in Frameworks */ = {isa = PBXBuildFile; fileRef = C1DC5010D0E0F983AAAB64D8 /* Pods_FlixterTests.framework */; };
/* End PBXBuildFile section */

/* Begin PBXContainerItemProxy section */
		28B1917028D113D300426886 /* PBXContainerItemProxy */ = {
			isa = PBXContainerItemProxy;
			containerPortal = 28B1915128D113CE00426886 /* Project object */;
			proxyType = 1;
			remoteGlobalIDString = 28B1915828D113CE00426886;
			remoteInfo = Flixter;
		};
		28B1917A28D113D300426886 /* PBXContainerItemProxy */ = {
			isa = PBXContainerItemProxy;
			containerPortal = 28B1915128D113CE00426886 /* Project object */;
			proxyType = 1;
			remoteGlobalIDString = 28B1915828D113CE00426886;
			remoteInfo = Flixter;
		};
/* End PBXContainerItemProxy section */

/* Begin PBXFileReference section */
		013F384FBA4B688494777DE0 /* Pods-Flixter-FlixterUITests.release.xcconfig */ = {isa = PBXFileReference; includeInIndex = 1; lastKnownFileType = text.xcconfig; name = "Pods-Flixter-FlixterUITests.release.xcconfig"; path = "Target Support Files/Pods-Flixter-FlixterUITests/Pods-Flixter-FlixterUITests.release.xcconfig"; sourceTree = "<group>"; };
		0F86603D24FEE4E6CF921E07 /* Pods-Flixter.debug.xcconfig */ = {isa = PBXFileReference; includeInIndex = 1; lastKnownFileType = text.xcconfig; name = "Pods-Flixter.debug.xcconfig"; path = "Target Support Files/Pods-Flixter/Pods-Flixter.debug.xcconfig"; sourceTree = "<group>"; };
		286C22C128D1938D004E69D9 /* MovieCell.swift */ = {isa = PBXFileReference; lastKnownFileType = sourcecode.swift; path = MovieCell.swift; sourceTree = "<group>"; };
		2881ECA128D9602C005D69E3 /* MovieDetailsViewController.swift */ = {isa = PBXFileReference; lastKnownFileType = sourcecode.swift; path = MovieDetailsViewController.swift; sourceTree = "<group>"; };
		28843C2628DC1B06000152CD /* MovieGridCell.swift */ = {isa = PBXFileReference; lastKnownFileType = sourcecode.swift; path = MovieGridCell.swift; sourceTree = "<group>"; };
		28B1915928D113CE00426886 /* Flixter.app */ = {isa = PBXFileReference; explicitFileType = wrapper.application; includeInIndex = 0; path = Flixter.app; sourceTree = BUILT_PRODUCTS_DIR; };
		28B1915C28D113CE00426886 /* AppDelegate.swift */ = {isa = PBXFileReference; lastKnownFileType = sourcecode.swift; path = AppDelegate.swift; sourceTree = "<group>"; };
		28B1915E28D113CE00426886 /* SceneDelegate.swift */ = {isa = PBXFileReference; lastKnownFileType = sourcecode.swift; path = SceneDelegate.swift; sourceTree = "<group>"; };
		28B1916028D113CE00426886 /* ViewController.swift */ = {isa = PBXFileReference; lastKnownFileType = sourcecode.swift; path = ViewController.swift; sourceTree = "<group>"; };
		28B1916328D113CE00426886 /* Base */ = {isa = PBXFileReference; lastKnownFileType = file.storyboard; name = Base; path = Base.lproj/Main.storyboard; sourceTree = "<group>"; };
		28B1916528D113D200426886 /* Assets.xcassets */ = {isa = PBXFileReference; lastKnownFileType = folder.assetcatalog; path = Assets.xcassets; sourceTree = "<group>"; };
		28B1916828D113D200426886 /* Base */ = {isa = PBXFileReference; lastKnownFileType = file.storyboard; name = Base; path = Base.lproj/LaunchScreen.storyboard; sourceTree = "<group>"; };
		28B1916A28D113D200426886 /* Info.plist */ = {isa = PBXFileReference; lastKnownFileType = text.plist.xml; path = Info.plist; sourceTree = "<group>"; };
		28B1916F28D113D300426886 /* FlixterTests.xctest */ = {isa = PBXFileReference; explicitFileType = wrapper.cfbundle; includeInIndex = 0; path = FlixterTests.xctest; sourceTree = BUILT_PRODUCTS_DIR; };
		28B1917328D113D300426886 /* FlixterTests.swift */ = {isa = PBXFileReference; lastKnownFileType = sourcecode.swift; path = FlixterTests.swift; sourceTree = "<group>"; };
		28B1917928D113D300426886 /* FlixterUITests.xctest */ = {isa = PBXFileReference; explicitFileType = wrapper.cfbundle; includeInIndex = 0; path = FlixterUITests.xctest; sourceTree = BUILT_PRODUCTS_DIR; };
		28B1917D28D113D300426886 /* FlixterUITests.swift */ = {isa = PBXFileReference; lastKnownFileType = sourcecode.swift; path = FlixterUITests.swift; sourceTree = "<group>"; };
		28B1917F28D113D300426886 /* FlixterUITestsLaunchTests.swift */ = {isa = PBXFileReference; lastKnownFileType = sourcecode.swift; path = FlixterUITestsLaunchTests.swift; sourceTree = "<group>"; };
		28B8126C28DC0DE4006546D1 /* MovieGridViewController.swift */ = {isa = PBXFileReference; lastKnownFileType = sourcecode.swift; path = MovieGridViewController.swift; sourceTree = "<group>"; };
		28FF8CDE28D25FBE00847F45 /* MoviesViewController.swift */ = {isa = PBXFileReference; lastKnownFileType = sourcecode.swift; path = MoviesViewController.swift; sourceTree = "<group>"; };
		2B379205182285DFC198C67C /* Pods-FlixterTests.debug.xcconfig */ = {isa = PBXFileReference; includeInIndex = 1; lastKnownFileType = text.xcconfig; name = "Pods-FlixterTests.debug.xcconfig"; path = "Target Support Files/Pods-FlixterTests/Pods-FlixterTests.debug.xcconfig"; sourceTree = "<group>"; };
		550266833B64D51B36269751 /* Pods-Flixter.release.xcconfig */ = {isa = PBXFileReference; includeInIndex = 1; lastKnownFileType = text.xcconfig; name = "Pods-Flixter.release.xcconfig"; path = "Target Support Files/Pods-Flixter/Pods-Flixter.release.xcconfig"; sourceTree = "<group>"; };
		55D3C9A32792102375DE5FEE /* Pods_Flixter_FlixterUITests.framework */ = {isa = PBXFileReference; explicitFileType = wrapper.framework; includeInIndex = 0; path = Pods_Flixter_FlixterUITests.framework; sourceTree = BUILT_PRODUCTS_DIR; };
		B1F186BE7237223B96CCC1F1 /* Pods_Flixter.framework */ = {isa = PBXFileReference; explicitFileType = wrapper.framework; includeInIndex = 0; path = Pods_Flixter.framework; sourceTree = BUILT_PRODUCTS_DIR; };
		C1DC5010D0E0F983AAAB64D8 /* Pods_FlixterTests.framework */ = {isa = PBXFileReference; explicitFileType = wrapper.framework; includeInIndex = 0; path = Pods_FlixterTests.framework; sourceTree = BUILT_PRODUCTS_DIR; };
		C36B4C27925839E63CCACEE6 /* Pods-FlixterTests.release.xcconfig */ = {isa = PBXFileReference; includeInIndex = 1; lastKnownFileType = text.xcconfig; name = "Pods-FlixterTests.release.xcconfig"; path = "Target Support Files/Pods-FlixterTests/Pods-FlixterTests.release.xcconfig"; sourceTree = "<group>"; };
		CED9BC6F157EFF8356F6022C /* Pods-Flixter-FlixterUITests.debug.xcconfig */ = {isa = PBXFileReference; includeInIndex = 1; lastKnownFileType = text.xcconfig; name = "Pods-Flixter-FlixterUITests.debug.xcconfig"; path = "Target Support Files/Pods-Flixter-FlixterUITests/Pods-Flixter-FlixterUITests.debug.xcconfig"; sourceTree = "<group>"; };
/* End PBXFileReference section */

/* Begin PBXFrameworksBuildPhase section */
		28B1915628D113CE00426886 /* Frameworks */ = {
			isa = PBXFrameworksBuildPhase;
			buildActionMask = 2147483647;
			files = (
				28FF8CE228D263D700847F45 /* AlamofireImage in Frameworks */,
				3931EDA2AE6D040AB89D6400 /* Pods_Flixter.framework in Frameworks */,
			);
			runOnlyForDeploymentPostprocessing = 0;
		};
		28B1916C28D113D300426886 /* Frameworks */ = {
			isa = PBXFrameworksBuildPhase;
			buildActionMask = 2147483647;
			files = (
				F1F81BF9BEBD908F083B8CF5 /* Pods_FlixterTests.framework in Frameworks */,
			);
			runOnlyForDeploymentPostprocessing = 0;
		};
		28B1917628D113D300426886 /* Frameworks */ = {
			isa = PBXFrameworksBuildPhase;
			buildActionMask = 2147483647;
			files = (
				CD25B53C4113C6E8985073C2 /* Pods_Flixter_FlixterUITests.framework in Frameworks */,
			);
			runOnlyForDeploymentPostprocessing = 0;
		};
/* End PBXFrameworksBuildPhase section */

/* Begin PBXGroup section */
		0E7AEB0BEA448BE282AC9AAD /* Pods */ = {
			isa = PBXGroup;
			children = (
				0F86603D24FEE4E6CF921E07 /* Pods-Flixter.debug.xcconfig */,
				550266833B64D51B36269751 /* Pods-Flixter.release.xcconfig */,
				CED9BC6F157EFF8356F6022C /* Pods-Flixter-FlixterUITests.debug.xcconfig */,
				013F384FBA4B688494777DE0 /* Pods-Flixter-FlixterUITests.release.xcconfig */,
				2B379205182285DFC198C67C /* Pods-FlixterTests.debug.xcconfig */,
				C36B4C27925839E63CCACEE6 /* Pods-FlixterTests.release.xcconfig */,
			);
			path = Pods;
			sourceTree = "<group>";
		};
		28B1915028D113CE00426886 = {
			isa = PBXGroup;
			children = (
				28B1915B28D113CE00426886 /* Flixter */,
				28B1917228D113D300426886 /* FlixterTests */,
				28B1917C28D113D300426886 /* FlixterUITests */,
				28B1915A28D113CE00426886 /* Products */,
				0E7AEB0BEA448BE282AC9AAD /* Pods */,
				DCDD07E027CDA85CC0289003 /* Frameworks */,
			);
			sourceTree = "<group>";
		};
		28B1915A28D113CE00426886 /* Products */ = {
			isa = PBXGroup;
			children = (
				28B1915928D113CE00426886 /* Flixter.app */,
				28B1916F28D113D300426886 /* FlixterTests.xctest */,
				28B1917928D113D300426886 /* FlixterUITests.xctest */,
			);
			name = Products;
			sourceTree = "<group>";
		};
		28B1915B28D113CE00426886 /* Flixter */ = {
			isa = PBXGroup;
			children = (
				28B1915C28D113CE00426886 /* AppDelegate.swift */,
				28B1915E28D113CE00426886 /* SceneDelegate.swift */,
				28B1916028D113CE00426886 /* ViewController.swift */,
				286C22C128D1938D004E69D9 /* MovieCell.swift */,
				28B1916228D113CE00426886 /* Main.storyboard */,
				28B1916528D113D200426886 /* Assets.xcassets */,
				28B1916728D113D200426886 /* LaunchScreen.storyboard */,
				28B1916A28D113D200426886 /* Info.plist */,
				28FF8CDE28D25FBE00847F45 /* MoviesViewController.swift */,
				2881ECA128D9602C005D69E3 /* MovieDetailsViewController.swift */,
				28B8126C28DC0DE4006546D1 /* MovieGridViewController.swift */,
				28843C2628DC1B06000152CD /* MovieGridCell.swift */,
			);
			path = Flixter;
			sourceTree = "<group>";
		};
		28B1917228D113D300426886 /* FlixterTests */ = {
			isa = PBXGroup;
			children = (
				28B1917328D113D300426886 /* FlixterTests.swift */,
			);
			path = FlixterTests;
			sourceTree = "<group>";
		};
		28B1917C28D113D300426886 /* FlixterUITests */ = {
			isa = PBXGroup;
			children = (
				28B1917D28D113D300426886 /* FlixterUITests.swift */,
				28B1917F28D113D300426886 /* FlixterUITestsLaunchTests.swift */,
			);
			path = FlixterUITests;
			sourceTree = "<group>";
		};
		DCDD07E027CDA85CC0289003 /* Frameworks */ = {
			isa = PBXGroup;
			children = (
				B1F186BE7237223B96CCC1F1 /* Pods_Flixter.framework */,
				55D3C9A32792102375DE5FEE /* Pods_Flixter_FlixterUITests.framework */,
				C1DC5010D0E0F983AAAB64D8 /* Pods_FlixterTests.framework */,
			);
			name = Frameworks;
			sourceTree = "<group>";
		};
/* End PBXGroup section */

/* Begin PBXNativeTarget section */
		28B1915828D113CE00426886 /* Flixter */ = {
			isa = PBXNativeTarget;
			buildConfigurationList = 28B1918328D113D300426886 /* Build configuration list for PBXNativeTarget "Flixter" */;
			buildPhases = (
				25A905B541B3E0C8CA331D68 /* [CP] Check Pods Manifest.lock */,
				28B1915528D113CE00426886 /* Sources */,
				28B1915628D113CE00426886 /* Frameworks */,
				28B1915728D113CE00426886 /* Resources */,
				A5AFF9AC6BCB7F53062AFB5A /* [CP] Embed Pods Frameworks */,
			);
			buildRules = (
			);
			dependencies = (
			);
			name = Flixter;
			packageProductDependencies = (
				28FF8CE128D263D700847F45 /* AlamofireImage */,
			);
			productName = Flixter;
			productReference = 28B1915928D113CE00426886 /* Flixter.app */;
			productType = "com.apple.product-type.application";
		};
		28B1916E28D113D300426886 /* FlixterTests */ = {
			isa = PBXNativeTarget;
			buildConfigurationList = 28B1918628D113D300426886 /* Build configuration list for PBXNativeTarget "FlixterTests" */;
			buildPhases = (
				B6F7AFBC8902B081EA8DE559 /* [CP] Check Pods Manifest.lock */,
				28B1916B28D113D300426886 /* Sources */,
				28B1916C28D113D300426886 /* Frameworks */,
				28B1916D28D113D300426886 /* Resources */,
			);
			buildRules = (
			);
			dependencies = (
				28B1917128D113D300426886 /* PBXTargetDependency */,
			);
			name = FlixterTests;
			productName = FlixterTests;
			productReference = 28B1916F28D113D300426886 /* FlixterTests.xctest */;
			productType = "com.apple.product-type.bundle.unit-test";
		};
		28B1917828D113D300426886 /* FlixterUITests */ = {
			isa = PBXNativeTarget;
			buildConfigurationList = 28B1918928D113D300426886 /* Build configuration list for PBXNativeTarget "FlixterUITests" */;
			buildPhases = (
				D5B0E75B8262515077181BB6 /* [CP] Check Pods Manifest.lock */,
				28B1917528D113D300426886 /* Sources */,
				28B1917628D113D300426886 /* Frameworks */,
				28B1917728D113D300426886 /* Resources */,
				59383B16255A9AE4B0D0B92F /* [CP] Embed Pods Frameworks */,
			);
			buildRules = (
			);
			dependencies = (
				28B1917B28D113D300426886 /* PBXTargetDependency */,
			);
			name = FlixterUITests;
			productName = FlixterUITests;
			productReference = 28B1917928D113D300426886 /* FlixterUITests.xctest */;
			productType = "com.apple.product-type.bundle.ui-testing";
		};
/* End PBXNativeTarget section */

/* Begin PBXProject section */
		28B1915128D113CE00426886 /* Project object */ = {
			isa = PBXProject;
			attributes = {
				BuildIndependentTargetsInParallel = 1;
				LastSwiftUpdateCheck = 1340;
				LastUpgradeCheck = 1340;
				TargetAttributes = {
					28B1915828D113CE00426886 = {
						CreatedOnToolsVersion = 13.4.1;
					};
					28B1916E28D113D300426886 = {
						CreatedOnToolsVersion = 13.4.1;
						TestTargetID = 28B1915828D113CE00426886;
					};
					28B1917828D113D300426886 = {
						CreatedOnToolsVersion = 13.4.1;
						TestTargetID = 28B1915828D113CE00426886;
					};
				};
			};
			buildConfigurationList = 28B1915428D113CE00426886 /* Build configuration list for PBXProject "Flixter" */;
			compatibilityVersion = "Xcode 13.0";
			developmentRegion = en;
			hasScannedForEncodings = 0;
			knownRegions = (
				en,
				Base,
			);
			mainGroup = 28B1915028D113CE00426886;
			packageReferences = (
				28FF8CE028D263D700847F45 /* XCRemoteSwiftPackageReference "AlamofireImage" */,
			);
			productRefGroup = 28B1915A28D113CE00426886 /* Products */;
			projectDirPath = "";
			projectRoot = "";
			targets = (
				28B1915828D113CE00426886 /* Flixter */,
				28B1916E28D113D300426886 /* FlixterTests */,
				28B1917828D113D300426886 /* FlixterUITests */,
			);
		};
/* End PBXProject section */

/* Begin PBXResourcesBuildPhase section */
		28B1915728D113CE00426886 /* Resources */ = {
			isa = PBXResourcesBuildPhase;
			buildActionMask = 2147483647;
			files = (
				28B1916928D113D200426886 /* LaunchScreen.storyboard in Resources */,
				28B1916628D113D200426886 /* Assets.xcassets in Resources */,
				28B1916428D113CE00426886 /* Main.storyboard in Resources */,
			);
			runOnlyForDeploymentPostprocessing = 0;
		};
		28B1916D28D113D300426886 /* Resources */ = {
			isa = PBXResourcesBuildPhase;
			buildActionMask = 2147483647;
			files = (
			);
			runOnlyForDeploymentPostprocessing = 0;
		};
		28B1917728D113D300426886 /* Resources */ = {
			isa = PBXResourcesBuildPhase;
			buildActionMask = 2147483647;
			files = (
			);
			runOnlyForDeploymentPostprocessing = 0;
		};
/* End PBXResourcesBuildPhase section */

/* Begin PBXShellScriptBuildPhase section */
		25A905B541B3E0C8CA331D68 /* [CP] Check Pods Manifest.lock */ = {
			isa = PBXShellScriptBuildPhase;
			buildActionMask = 2147483647;
			files = (
			);
			inputFileListPaths = (
			);
			inputPaths = (
				"${PODS_PODFILE_DIR_PATH}/Podfile.lock",
				"${PODS_ROOT}/Manifest.lock",
			);
			name = "[CP] Check Pods Manifest.lock";
			outputFileListPaths = (
			);
			outputPaths = (
				"$(DERIVED_FILE_DIR)/Pods-Flixter-checkManifestLockResult.txt",
			);
			runOnlyForDeploymentPostprocessing = 0;
			shellPath = /bin/sh;
			shellScript = "diff \"${PODS_PODFILE_DIR_PATH}/Podfile.lock\" \"${PODS_ROOT}/Manifest.lock\" > /dev/null\nif [ $? != 0 ] ; then\n    # print error to STDERR\n    echo \"error: The sandbox is not in sync with the Podfile.lock. Run 'pod install' or update your CocoaPods installation.\" >&2\n    exit 1\nfi\n# This output is used by Xcode 'outputs' to avoid re-running this script phase.\necho \"SUCCESS\" > \"${SCRIPT_OUTPUT_FILE_0}\"\n";
			showEnvVarsInLog = 0;
		};
		59383B16255A9AE4B0D0B92F /* [CP] Embed Pods Frameworks */ = {
			isa = PBXShellScriptBuildPhase;
			buildActionMask = 2147483647;
			files = (
			);
			inputFileListPaths = (
				"${PODS_ROOT}/Target Support Files/Pods-Flixter-FlixterUITests/Pods-Flixter-FlixterUITests-frameworks-${CONFIGURATION}-input-files.xcfilelist",
			);
			name = "[CP] Embed Pods Frameworks";
			outputFileListPaths = (
				"${PODS_ROOT}/Target Support Files/Pods-Flixter-FlixterUITests/Pods-Flixter-FlixterUITests-frameworks-${CONFIGURATION}-output-files.xcfilelist",
			);
			runOnlyForDeploymentPostprocessing = 0;
			shellPath = /bin/sh;
			shellScript = "\"${PODS_ROOT}/Target Support Files/Pods-Flixter-FlixterUITests/Pods-Flixter-FlixterUITests-frameworks.sh\"\n";
			showEnvVarsInLog = 0;
		};
		A5AFF9AC6BCB7F53062AFB5A /* [CP] Embed Pods Frameworks */ = {
			isa = PBXShellScriptBuildPhase;
			buildActionMask = 2147483647;
			files = (
			);
			inputFileListPaths = (
				"${PODS_ROOT}/Target Support Files/Pods-Flixter/Pods-Flixter-frameworks-${CONFIGURATION}-input-files.xcfilelist",
			);
			name = "[CP] Embed Pods Frameworks";
			outputFileListPaths = (
				"${PODS_ROOT}/Target Support Files/Pods-Flixter/Pods-Flixter-frameworks-${CONFIGURATION}-output-files.xcfilelist",
			);
			runOnlyForDeploymentPostprocessing = 0;
			shellPath = /bin/sh;
			shellScript = "\"${PODS_ROOT}/Target Support Files/Pods-Flixter/Pods-Flixter-frameworks.sh\"\n";
			showEnvVarsInLog = 0;
		};
		B6F7AFBC8902B081EA8DE559 /* [CP] Check Pods Manifest.lock */ = {
			isa = PBXShellScriptBuildPhase;
			buildActionMask = 2147483647;
			files = (
			);
			inputFileListPaths = (
			);
			inputPaths = (
				"${PODS_PODFILE_DIR_PATH}/Podfile.lock",
				"${PODS_ROOT}/Manifest.lock",
			);
			name = "[CP] Check Pods Manifest.lock";
			outputFileListPaths = (
			);
			outputPaths = (
				"$(DERIVED_FILE_DIR)/Pods-FlixterTests-checkManifestLockResult.txt",
			);
			runOnlyForDeploymentPostprocessing = 0;
			shellPath = /bin/sh;
			shellScript = "diff \"${PODS_PODFILE_DIR_PATH}/Podfile.lock\" \"${PODS_ROOT}/Manifest.lock\" > /dev/null\nif [ $? != 0 ] ; then\n    # print error to STDERR\n    echo \"error: The sandbox is not in sync with the Podfile.lock. Run 'pod install' or update your CocoaPods installation.\" >&2\n    exit 1\nfi\n# This output is used by Xcode 'outputs' to avoid re-running this script phase.\necho \"SUCCESS\" > \"${SCRIPT_OUTPUT_FILE_0}\"\n";
			showEnvVarsInLog = 0;
		};
		D5B0E75B8262515077181BB6 /* [CP] Check Pods Manifest.lock */ = {
			isa = PBXShellScriptBuildPhase;
			buildActionMask = 2147483647;
			files = (
			);
			inputFileListPaths = (
			);
			inputPaths = (
				"${PODS_PODFILE_DIR_PATH}/Podfile.lock",
				"${PODS_ROOT}/Manifest.lock",
			);
			name = "[CP] Check Pods Manifest.lock";
			outputFileListPaths = (
			);
			outputPaths = (
				"$(DERIVED_FILE_DIR)/Pods-Flixter-FlixterUITests-checkManifestLockResult.txt",
			);
			runOnlyForDeploymentPostprocessing = 0;
			shellPath = /bin/sh;
			shellScript = "diff \"${PODS_PODFILE_DIR_PATH}/Podfile.lock\" \"${PODS_ROOT}/Manifest.lock\" > /dev/null\nif [ $? != 0 ] ; then\n    # print error to STDERR\n    echo \"error: The sandbox is not in sync with the Podfile.lock. Run 'pod install' or update your CocoaPods installation.\" >&2\n    exit 1\nfi\n# This output is used by Xcode 'outputs' to avoid re-running this script phase.\necho \"SUCCESS\" > \"${SCRIPT_OUTPUT_FILE_0}\"\n";
			showEnvVarsInLog = 0;
		};
/* End PBXShellScriptBuildPhase section */

/* Begin PBXSourcesBuildPhase section */
		28B1915528D113CE00426886 /* Sources */ = {
			isa = PBXSourcesBuildPhase;
			buildActionMask = 2147483647;
			files = (
				28B1916128D113CE00426886 /* ViewController.swift in Sources */,
				28FF8CDF28D25FBE00847F45 /* MoviesViewController.swift in Sources */,
				2881ECA228D9602C005D69E3 /* MovieDetailsViewController.swift in Sources */,
				28B8126D28DC0DE4006546D1 /* MovieGridViewController.swift in Sources */,
				28843C2728DC1B06000152CD /* MovieGridCell.swift in Sources */,
				28B1915D28D113CE00426886 /* AppDelegate.swift in Sources */,
				286C22C228D1938D004E69D9 /* MovieCell.swift in Sources */,
				28B1915F28D113CE00426886 /* SceneDelegate.swift in Sources */,
			);
			runOnlyForDeploymentPostprocessing = 0;
		};
		28B1916B28D113D300426886 /* Sources */ = {
			isa = PBXSourcesBuildPhase;
			buildActionMask = 2147483647;
			files = (
				28B1917428D113D300426886 /* FlixterTests.swift in Sources */,
			);
			runOnlyForDeploymentPostprocessing = 0;
		};
		28B1917528D113D300426886 /* Sources */ = {
			isa = PBXSourcesBuildPhase;
			buildActionMask = 2147483647;
			files = (
				28B1917E28D113D300426886 /* FlixterUITests.swift in Sources */,
				28B1918028D113D300426886 /* FlixterUITestsLaunchTests.swift in Sources */,
			);
			runOnlyForDeploymentPostprocessing = 0;
		};
/* End PBXSourcesBuildPhase section */

/* Begin PBXTargetDependency section */
		28B1917128D113D300426886 /* PBXTargetDependency */ = {
			isa = PBXTargetDependency;
			target = 28B1915828D113CE00426886 /* Flixter */;
			targetProxy = 28B1917028D113D300426886 /* PBXContainerItemProxy */;
		};
		28B1917B28D113D300426886 /* PBXTargetDependency */ = {
			isa = PBXTargetDependency;
			target = 28B1915828D113CE00426886 /* Flixter */;
			targetProxy = 28B1917A28D113D300426886 /* PBXContainerItemProxy */;
		};
/* End PBXTargetDependency section */

/* Begin PBXVariantGroup section */
		28B1916228D113CE00426886 /* Main.storyboard */ = {
			isa = PBXVariantGroup;
			children = (
				28B1916328D113CE00426886 /* Base */,
			);
			name = Main.storyboard;
			sourceTree = "<group>";
		};
		28B1916728D113D200426886 /* LaunchScreen.storyboard */ = {
			isa = PBXVariantGroup;
			children = (
				28B1916828D113D200426886 /* Base */,
			);
			name = LaunchScreen.storyboard;
			sourceTree = "<group>";
		};
/* End PBXVariantGroup section */

/* Begin XCBuildConfiguration section */
		28B1918128D113D300426886 /* Debug */ = {
			isa = XCBuildConfiguration;
			buildSettings = {
				ALWAYS_SEARCH_USER_PATHS = NO;
				CLANG_ANALYZER_NONNULL = YES;
				CLANG_ANALYZER_NUMBER_OBJECT_CONVERSION = YES_AGGRESSIVE;
				CLANG_CXX_LANGUAGE_STANDARD = "gnu++17";
				CLANG_ENABLE_MODULES = YES;
				CLANG_ENABLE_OBJC_ARC = YES;
				CLANG_ENABLE_OBJC_WEAK = YES;
				CLANG_WARN_BLOCK_CAPTURE_AUTORELEASING = YES;
				CLANG_WARN_BOOL_CONVERSION = YES;
				CLANG_WARN_COMMA = YES;
				CLANG_WARN_CONSTANT_CONVERSION = YES;
				CLANG_WARN_DEPRECATED_OBJC_IMPLEMENTATIONS = YES;
				CLANG_WARN_DIRECT_OBJC_ISA_USAGE = YES_ERROR;
				CLANG_WARN_DOCUMENTATION_COMMENTS = YES;
				CLANG_WARN_EMPTY_BODY = YES;
				CLANG_WARN_ENUM_CONVERSION = YES;
				CLANG_WARN_INFINITE_RECURSION = YES;
				CLANG_WARN_INT_CONVERSION = YES;
				CLANG_WARN_NON_LITERAL_NULL_CONVERSION = YES;
				CLANG_WARN_OBJC_IMPLICIT_RETAIN_SELF = YES;
				CLANG_WARN_OBJC_LITERAL_CONVERSION = YES;
				CLANG_WARN_OBJC_ROOT_CLASS = YES_ERROR;
				CLANG_WARN_QUOTED_INCLUDE_IN_FRAMEWORK_HEADER = YES;
				CLANG_WARN_RANGE_LOOP_ANALYSIS = YES;
				CLANG_WARN_STRICT_PROTOTYPES = YES;
				CLANG_WARN_SUSPICIOUS_MOVE = YES;
				CLANG_WARN_UNGUARDED_AVAILABILITY = YES_AGGRESSIVE;
				CLANG_WARN_UNREACHABLE_CODE = YES;
				CLANG_WARN__DUPLICATE_METHOD_MATCH = YES;
				COPY_PHASE_STRIP = NO;
				DEBUG_INFORMATION_FORMAT = dwarf;
				ENABLE_STRICT_OBJC_MSGSEND = YES;
				ENABLE_TESTABILITY = YES;
				GCC_C_LANGUAGE_STANDARD = gnu11;
				GCC_DYNAMIC_NO_PIC = NO;
				GCC_NO_COMMON_BLOCKS = YES;
				GCC_OPTIMIZATION_LEVEL = 0;
				GCC_PREPROCESSOR_DEFINITIONS = (
					"DEBUG=1",
					"$(inherited)",
				);
				GCC_WARN_64_TO_32_BIT_CONVERSION = YES;
				GCC_WARN_ABOUT_RETURN_TYPE = YES_ERROR;
				GCC_WARN_UNDECLARED_SELECTOR = YES;
				GCC_WARN_UNINITIALIZED_AUTOS = YES_AGGRESSIVE;
				GCC_WARN_UNUSED_FUNCTION = YES;
				GCC_WARN_UNUSED_VARIABLE = YES;
				IPHONEOS_DEPLOYMENT_TARGET = 15.5;
				MTL_ENABLE_DEBUG_INFO = INCLUDE_SOURCE;
				MTL_FAST_MATH = YES;
				ONLY_ACTIVE_ARCH = YES;
				SDKROOT = iphoneos;
				SWIFT_ACTIVE_COMPILATION_CONDITIONS = DEBUG;
				SWIFT_OPTIMIZATION_LEVEL = "-Onone";
			};
			name = Debug;
		};
		28B1918228D113D300426886 /* Release */ = {
			isa = XCBuildConfiguration;
			buildSettings = {
				ALWAYS_SEARCH_USER_PATHS = NO;
				CLANG_ANALYZER_NONNULL = YES;
				CLANG_ANALYZER_NUMBER_OBJECT_CONVERSION = YES_AGGRESSIVE;
				CLANG_CXX_LANGUAGE_STANDARD = "gnu++17";
				CLANG_ENABLE_MODULES = YES;
				CLANG_ENABLE_OBJC_ARC = YES;
				CLANG_ENABLE_OBJC_WEAK = YES;
				CLANG_WARN_BLOCK_CAPTURE_AUTORELEASING = YES;
				CLANG_WARN_BOOL_CONVERSION = YES;
				CLANG_WARN_COMMA = YES;
				CLANG_WARN_CONSTANT_CONVERSION = YES;
				CLANG_WARN_DEPRECATED_OBJC_IMPLEMENTATIONS = YES;
				CLANG_WARN_DIRECT_OBJC_ISA_USAGE = YES_ERROR;
				CLANG_WARN_DOCUMENTATION_COMMENTS = YES;
				CLANG_WARN_EMPTY_BODY = YES;
				CLANG_WARN_ENUM_CONVERSION = YES;
				CLANG_WARN_INFINITE_RECURSION = YES;
				CLANG_WARN_INT_CONVERSION = YES;
				CLANG_WARN_NON_LITERAL_NULL_CONVERSION = YES;
				CLANG_WARN_OBJC_IMPLICIT_RETAIN_SELF = YES;
				CLANG_WARN_OBJC_LITERAL_CONVERSION = YES;
				CLANG_WARN_OBJC_ROOT_CLASS = YES_ERROR;
				CLANG_WARN_QUOTED_INCLUDE_IN_FRAMEWORK_HEADER = YES;
				CLANG_WARN_RANGE_LOOP_ANALYSIS = YES;
				CLANG_WARN_STRICT_PROTOTYPES = YES;
				CLANG_WARN_SUSPICIOUS_MOVE = YES;
				CLANG_WARN_UNGUARDED_AVAILABILITY = YES_AGGRESSIVE;
				CLANG_WARN_UNREACHABLE_CODE = YES;
				CLANG_WARN__DUPLICATE_METHOD_MATCH = YES;
				COPY_PHASE_STRIP = NO;
				DEBUG_INFORMATION_FORMAT = "dwarf-with-dsym";
				ENABLE_NS_ASSERTIONS = NO;
				ENABLE_STRICT_OBJC_MSGSEND = YES;
				GCC_C_LANGUAGE_STANDARD = gnu11;
				GCC_NO_COMMON_BLOCKS = YES;
				GCC_WARN_64_TO_32_BIT_CONVERSION = YES;
				GCC_WARN_ABOUT_RETURN_TYPE = YES_ERROR;
				GCC_WARN_UNDECLARED_SELECTOR = YES;
				GCC_WARN_UNINITIALIZED_AUTOS = YES_AGGRESSIVE;
				GCC_WARN_UNUSED_FUNCTION = YES;
				GCC_WARN_UNUSED_VARIABLE = YES;
				IPHONEOS_DEPLOYMENT_TARGET = 15.5;
				MTL_ENABLE_DEBUG_INFO = NO;
				MTL_FAST_MATH = YES;
				SDKROOT = iphoneos;
				SWIFT_COMPILATION_MODE = wholemodule;
				SWIFT_OPTIMIZATION_LEVEL = "-O";
				VALIDATE_PRODUCT = YES;
			};
			name = Release;
		};
		28B1918428D113D300426886 /* Debug */ = {
			isa = XCBuildConfiguration;
			baseConfigurationReference = 0F86603D24FEE4E6CF921E07 /* Pods-Flixter.debug.xcconfig */;
			buildSettings = {
				ASSETCATALOG_COMPILER_APPICON_NAME = AppIcon;
				ASSETCATALOG_COMPILER_GLOBAL_ACCENT_COLOR_NAME = AccentColor;
				CODE_SIGN_STYLE = Automatic;
				CURRENT_PROJECT_VERSION = 1;
				GENERATE_INFOPLIST_FILE = YES;
				INFOPLIST_FILE = Flixter/Info.plist;
				INFOPLIST_KEY_UIApplicationSupportsIndirectInputEvents = YES;
				INFOPLIST_KEY_UILaunchStoryboardName = LaunchScreen;
				INFOPLIST_KEY_UIMainStoryboardFile = Main;
				INFOPLIST_KEY_UISupportedInterfaceOrientations_iPad = "UIInterfaceOrientationPortrait UIInterfaceOrientationPortraitUpsideDown UIInterfaceOrientationLandscapeLeft UIInterfaceOrientationLandscapeRight";
				INFOPLIST_KEY_UISupportedInterfaceOrientations_iPhone = "UIInterfaceOrientationPortrait UIInterfaceOrientationLandscapeLeft UIInterfaceOrientationLandscapeRight";
				LD_RUNPATH_SEARCH_PATHS = (
					"$(inherited)",
					"@executable_path/Frameworks",
				);
				MARKETING_VERSION = 1.0;
				PRODUCT_BUNDLE_IDENTIFIER = lester.Flixter;
				PRODUCT_NAME = "$(TARGET_NAME)";
				SWIFT_EMIT_LOC_STRINGS = YES;
				SWIFT_VERSION = 5.0;
				TARGETED_DEVICE_FAMILY = "1,2";
			};
			name = Debug;
		};
		28B1918528D113D300426886 /* Release */ = {
			isa = XCBuildConfiguration;
			baseConfigurationReference = 550266833B64D51B36269751 /* Pods-Flixter.release.xcconfig */;
			buildSettings = {
				ASSETCATALOG_COMPILER_APPICON_NAME = AppIcon;
				ASSETCATALOG_COMPILER_GLOBAL_ACCENT_COLOR_NAME = AccentColor;
				CODE_SIGN_STYLE = Automatic;
				CURRENT_PROJECT_VERSION = 1;
				GENERATE_INFOPLIST_FILE = YES;
				INFOPLIST_FILE = Flixter/Info.plist;
				INFOPLIST_KEY_UIApplicationSupportsIndirectInputEvents = YES;
				INFOPLIST_KEY_UILaunchStoryboardName = LaunchScreen;
				INFOPLIST_KEY_UIMainStoryboardFile = Main;
				INFOPLIST_KEY_UISupportedInterfaceOrientations_iPad = "UIInterfaceOrientationPortrait UIInterfaceOrientationPortraitUpsideDown UIInterfaceOrientationLandscapeLeft UIInterfaceOrientationLandscapeRight";
				INFOPLIST_KEY_UISupportedInterfaceOrientations_iPhone = "UIInterfaceOrientationPortrait UIInterfaceOrientationLandscapeLeft UIInterfaceOrientationLandscapeRight";
				LD_RUNPATH_SEARCH_PATHS = (
					"$(inherited)",
					"@executable_path/Frameworks",
				);
				MARKETING_VERSION = 1.0;
				PRODUCT_BUNDLE_IDENTIFIER = lester.Flixter;
				PRODUCT_NAME = "$(TARGET_NAME)";
				SWIFT_EMIT_LOC_STRINGS = YES;
				SWIFT_VERSION = 5.0;
				TARGETED_DEVICE_FAMILY = "1,2";
			};
			name = Release;
		};
		28B1918728D113D300426886 /* Debug */ = {
			isa = XCBuildConfiguration;
			baseConfigurationReference = 2B379205182285DFC198C67C /* Pods-FlixterTests.debug.xcconfig */;
			buildSettings = {
				ALWAYS_EMBED_SWIFT_STANDARD_LIBRARIES = YES;
				BUNDLE_LOADER = "$(TEST_HOST)";
				CODE_SIGN_STYLE = Automatic;
				CURRENT_PROJECT_VERSION = 1;
				GENERATE_INFOPLIST_FILE = YES;
				IPHONEOS_DEPLOYMENT_TARGET = 15.5;
				MARKETING_VERSION = 1.0;
				PRODUCT_BUNDLE_IDENTIFIER = lester.FlixterTests;
				PRODUCT_NAME = "$(TARGET_NAME)";
				SWIFT_EMIT_LOC_STRINGS = NO;
				SWIFT_VERSION = 5.0;
				TARGETED_DEVICE_FAMILY = "1,2";
				TEST_HOST = "$(BUILT_PRODUCTS_DIR)/Flixter.app/Flixter";
			};
			name = Debug;
		};
		28B1918828D113D300426886 /* Release */ = {
			isa = XCBuildConfiguration;
			baseConfigurationReference = C36B4C27925839E63CCACEE6 /* Pods-FlixterTests.release.xcconfig */;
			buildSettings = {
				ALWAYS_EMBED_SWIFT_STANDARD_LIBRARIES = YES;
				BUNDLE_LOADER = "$(TEST_HOST)";
				CODE_SIGN_STYLE = Automatic;
				CURRENT_PROJECT_VERSION = 1;
				GENERATE_INFOPLIST_FILE = YES;
				IPHONEOS_DEPLOYMENT_TARGET = 15.5;
				MARKETING_VERSION = 1.0;
				PRODUCT_BUNDLE_IDENTIFIER = lester.FlixterTests;
				PRODUCT_NAME = "$(TARGET_NAME)";
				SWIFT_EMIT_LOC_STRINGS = NO;
				SWIFT_VERSION = 5.0;
				TARGETED_DEVICE_FAMILY = "1,2";
				TEST_HOST = "$(BUILT_PRODUCTS_DIR)/Flixter.app/Flixter";
			};
			name = Release;
		};
		28B1918A28D113D300426886 /* Debug */ = {
			isa = XCBuildConfiguration;
			baseConfigurationReference = CED9BC6F157EFF8356F6022C /* Pods-Flixter-FlixterUITests.debug.xcconfig */;
			buildSettings = {
				ALWAYS_EMBED_SWIFT_STANDARD_LIBRARIES = YES;
				CODE_SIGN_STYLE = Automatic;
				CURRENT_PROJECT_VERSION = 1;
				GENERATE_INFOPLIST_FILE = YES;
				MARKETING_VERSION = 1.0;
				PRODUCT_BUNDLE_IDENTIFIER = lester.FlixterUITests;
				PRODUCT_NAME = "$(TARGET_NAME)";
				SWIFT_EMIT_LOC_STRINGS = NO;
				SWIFT_VERSION = 5.0;
				TARGETED_DEVICE_FAMILY = "1,2";
				TEST_TARGET_NAME = Flixter;
			};
			name = Debug;
		};
		28B1918B28D113D300426886 /* Release */ = {
			isa = XCBuildConfiguration;
			baseConfigurationReference = 013F384FBA4B688494777DE0 /* Pods-Flixter-FlixterUITests.release.xcconfig */;
			buildSettings = {
				ALWAYS_EMBED_SWIFT_STANDARD_LIBRARIES = YES;
				CODE_SIGN_STYLE = Automatic;
				CURRENT_PROJECT_VERSION = 1;
				GENERATE_INFOPLIST_FILE = YES;
				MARKETING_VERSION = 1.0;
				PRODUCT_BUNDLE_IDENTIFIER = lester.FlixterUITests;
				PRODUCT_NAME = "$(TARGET_NAME)";
				SWIFT_EMIT_LOC_STRINGS = NO;
				SWIFT_VERSION = 5.0;
				TARGETED_DEVICE_FAMILY = "1,2";
				TEST_TARGET_NAME = Flixter;
			};
			name = Release;
		};
/* End XCBuildConfiguration section */

/* Begin XCConfigurationList section */
		28B1915428D113CE00426886 /* Build configuration list for PBXProject "Flixter" */ = {
			isa = XCConfigurationList;
			buildConfigurations = (
				28B1918128D113D300426886 /* Debug */,
				28B1918228D113D300426886 /* Release */,
			);
			defaultConfigurationIsVisible = 0;
			defaultConfigurationName = Release;
		};
		28B1918328D113D300426886 /* Build configuration list for PBXNativeTarget "Flixter" */ = {
			isa = XCConfigurationList;
			buildConfigurations = (
				28B1918428D113D300426886 /* Debug */,
				28B1918528D113D300426886 /* Release */,
			);
			defaultConfigurationIsVisible = 0;
			defaultConfigurationName = Release;
		};
		28B1918628D113D300426886 /* Build configuration list for PBXNativeTarget "FlixterTests" */ = {
			isa = XCConfigurationList;
			buildConfigurations = (
				28B1918728D113D300426886 /* Debug */,
				28B1918828D113D300426886 /* Release */,
			);
			defaultConfigurationIsVisible = 0;
			defaultConfigurationName = Release;
		};
		28B1918928D113D300426886 /* Build configuration list for PBXNativeTarget "FlixterUITests" */ = {
			isa = XCConfigurationList;
			buildConfigurations = (
				28B1918A28D113D300426886 /* Debug */,
				28B1918B28D113D300426886 /* Release */,
			);
			defaultConfigurationIsVisible = 0;
			defaultConfigurationName = Release;
		};
/* End XCConfigurationList section */

/* Begin XCRemoteSwiftPackageReference section */
		28FF8CE028D263D700847F45 /* XCRemoteSwiftPackageReference "AlamofireImage" */ = {
			isa = XCRemoteSwiftPackageReference;
			repositoryURL = "https://github.com/Alamofire/AlamofireImage";
			requirement = {
				kind = upToNextMajorVersion;
				minimumVersion = 4.0.0;
			};
		};
/* End XCRemoteSwiftPackageReference section */

/* Begin XCSwiftPackageProductDependency section */
		28FF8CE128D263D700847F45 /* AlamofireImage */ = {
			isa = XCSwiftPackageProductDependency;
			package = 28FF8CE028D263D700847F45 /* XCRemoteSwiftPackageReference "AlamofireImage" */;
			productName = AlamofireImage;
		};
/* End XCSwiftPackageProductDependency section */
	};
	rootObject = 28B1915128D113CE00426886 /* Project object */;
}
